<?xml version="1.0" encoding="utf-8"?>
<Project xmlns="http://schemas.microsoft.com/developer/msbuild/2003">
  <ItemGroup>
    <Filter Include="Generated Files">
      <UniqueIdentifier>{71ED8ED8-ACB9-4CE9-BBE1-E00B30144E11}</UniqueIdentifier>
      <Extensions>cpp;c;cxx;moc;h;def;odl;idl;res;</Extensions>
    </Filter>
    <Filter Include="Generated Files">
      <UniqueIdentifier>{71ED8ED8-ACB9-4CE9-BBE1-E00B30144E11}</UniqueIdentifier>
      <Extensions>cpp;c;cxx;moc;h;def;odl;idl;res;</Extensions>
    </Filter>
    <Filter Include="Header Files">
      <UniqueIdentifier>{93995380-89BD-4b04-88EB-625FBE52EBFB}</UniqueIdentifier>
      <Extensions>h;hpp;hxx;hm;inl;inc;xsd</Extensions>
    </Filter>
    <Filter Include="Header Files">
      <UniqueIdentifier>{93995380-89BD-4b04-88EB-625FBE52EBFB}</UniqueIdentifier>
      <Extensions>h;hpp;hxx;hm;inl;inc;xsd</Extensions>
    </Filter>
    <Filter Include="Resource Files">
      <UniqueIdentifier>{D9D6E242-F8AF-46E4-B9FD-80ECBC20BA3E}</UniqueIdentifier>
      <Extensions>qrc;*</Extensions>
      <ParseFiles>false</ParseFiles>
    </Filter>
    <Filter Include="Resource Files">
      <UniqueIdentifier>{D9D6E242-F8AF-46E4-B9FD-80ECBC20BA3E}</UniqueIdentifier>
      <Extensions>qrc;*</Extensions>
      <ParseFiles>false</ParseFiles>
    </Filter>
    <Filter Include="Source Files">
      <UniqueIdentifier>{4FC737F1-C7A5-4376-A066-2A32D752A2FF}</UniqueIdentifier>
      <Extensions>cpp;c;cxx;def;odl;idl;hpj;bat;asm;asmx</Extensions>
    </Filter>
    <Filter Include="Source Files">
      <UniqueIdentifier>{4FC737F1-C7A5-4376-A066-2A32D752A2FF}</UniqueIdentifier>
      <Extensions>cpp;c;cxx;def;odl;idl;hpj;bat;asm;asmx</Extensions>
    </Filter>
  </ItemGroup>
  <ItemGroup>
    <ClCompile Include="Login\Controller\BCLoginController.cpp">
      <Filter>Source Files</Filter>
    </ClCompile>
    <ClCompile Include="Login\View\BCLoginInputWidget.cpp">
      <Filter>Source Files</Filter>
    </ClCompile>
    <ClCompile Include="Login\Widgets\BCLoginLineEdit.cpp">
      <Filter>Source Files</Filter>
    </ClCompile>
    <ClCompile Include="Login\View\BCLoginWidget.cpp">
      <Filter>Source Files</Filter>
    </ClCompile>
    <ClCompile Include="Common\Gui\BCMainWidget.cpp">
      <Filter>Source Files</Filter>
    </ClCompile>
    <ClCompile Include="App\BCMainWindow.cpp">
      <Filter>Source Files</Filter>
    </ClCompile>
    <ClCompile Include="Common\Controller\BCMessageManager.cpp">
      <Filter>Source Files</Filter>
    </ClCompile>
    <ClCompile Include="Common\Gui\BCNavigationBar.cpp">
      <Filter>Source Files</Filter>
    </ClCompile>
    <ClCompile Include="Common\Gui\BCNavigationBarItem.cpp">
      <Filter>Source Files</Filter>
    </ClCompile>
    <ClCompile Include="Common\Gui\BCPolymorphicButton.cpp">
      <Filter>Source Files</Filter>
    </ClCompile>
    <ClCompile Include="Common\Gui\BCPolymorphicLabel.cpp">
      <Filter>Source Files</Filter>
    </ClCompile>
    <ClCompile Include="Login\Widgets\BCRegisterLineEdit.cpp">
      <Filter>Source Files</Filter>
    </ClCompile>
    <ClCompile Include="Login\View\BCRegisterWidget.cpp">
      <Filter>Source Files</Filter>
    </ClCompile>
    <ClCompile Include="Common\Gui\BCToastTips.cpp">
      <Filter>Source Files</Filter>
    </ClCompile>
    <ClCompile Include="Common\Data\BookClubEntity.cpp">
      <Filter>Source Files</Filter>
    </ClCompile>
    <ClCompile Include="App\main.cpp">
      <Filter>Source Files</Filter>
    </ClCompile>
  </ItemGroup>
  <ItemGroup>
    <ClInclude Include="Common\Api\BCCommonApiDef.hpp">
      <Filter>Header Files</Filter>
    </ClInclude>
    <ClInclude Include="Common\Data\BCCommonEnumData.h">
      <Filter>Header Files</Filter>
    </ClInclude>
    <ClInclude Include="Common\Data\BCCommonHttpData.h">
      <Filter>Header Files</Filter>
    </ClInclude>
    <ClInclude Include="Login\Controller\BCLoginController.h">
      <Filter>Header Files</Filter>
    </ClInclude>
    <ClInclude Include="Login\Data\BCLoginEnumData.h">
      <Filter>Header Files</Filter>
    </ClInclude>
    <QtMoc Include="Login\View\BCLoginInputWidget.h">
      <Filter>Header Files</Filter>
    </QtMoc>
    <QtMoc Include="Login\Widgets\BCLoginLineEdit.h">
      <Filter>Header Files</Filter>
    </QtMoc>
    <QtMoc Include="Login\View\BCLoginWidget.h">
      <Filter>Header Files</Filter>
    </QtMoc>
    <QtMoc Include="Common\Gui\BCMainWidget.h">
      <Filter>Header Files</Filter>
    </QtMoc>
    <QtMoc Include="App\BCMainWindow.h">
      <Filter>Header Files</Filter>
    </QtMoc>
    <ClInclude Include="Common\Controller\BCMessageManager.h">
      <Filter>Header Files</Filter>
    </ClInclude>
    <QtMoc Include="Common\Gui\BCNavigationBar.h">
      <Filter>Header Files</Filter>
    </QtMoc>
    <QtMoc Include="Common\Gui\BCNavigationBarItem.h">
      <Filter>Header Files</Filter>
    </QtMoc>
    <QtMoc Include="Common\Gui\BCPolymorphicButton.h">
      <Filter>Header Files</Filter>
    </QtMoc>
    <QtMoc Include="Common\Gui\BCPolymorphicLabel.h">
      <Filter>Header Files</Filter>
    </QtMoc>
    <QtMoc Include="Login\Widgets\BCRegisterLineEdit.h">
      <Filter>Header Files</Filter>
    </QtMoc>
    <QtMoc Include="Login\View\BCRegisterWidget.h">
      <Filter>Header Files</Filter>
    </QtMoc>
    <QtMoc Include="Common\Gui\BCToastTips.h">
      <Filter>Header Files</Filter>
    </QtMoc>
    <ClInclude Include="Common\Data\BookClubEntity.hpp">
      <Filter>Header Files</Filter>
    </ClInclude>
    <ClInclude Include="Common\Data\nlohmann_json.hpp">
      <Filter>Header Files</Filter>
    </ClInclude>
  </ItemGroup>
  <ItemGroup>
    
    
    
    
    
    
    
    
    
    
    
    
    
    
    
    
    
    
    
    
    
    
    
    
    <CustomBuild Include="debug\moc_predefs.h.cbt">
      <Filter>Generated Files</Filter>
    </CustomBuild>
    <CustomBuild Include="release\moc_predefs.h.cbt">
      <Filter>Generated Files</Filter>
    </CustomBuild>
    
    
  </ItemGroup>
  <ItemGroup>
    <None Include="res\NavigationBar\activity.png">
      <Filter>Resource Files</Filter>
    </None>
    <None Include="res\common\exit.png">
      <Filter>Resource Files</Filter>
    </None>
    <None Include="res\NavigationBar\message.png">
      <Filter>Resource Files</Filter>
    </None>
    <None Include="res\NavigationBar\mine.png">
      <Filter>Resource Files</Filter>
    </None>
    <None Include="res\common\minisize.png">
      <Filter>Resource Files</Filter>
    </None>
    <None Include="res\NavigationBar\postings.png">
      <Filter>Resource Files</Filter>
    </None>
    <QtRcc Include="recourse.qrc">
      <Filter>Resource Files</Filter>
    </QtRcc>
    <None Include="res\NavigationBar\search.png">
      <Filter>Resource Files</Filter>
    </None>
  </ItemGroup>
</Project>